// !$*UTF8*$!
{
	archiveVersion = 1;
	classes = {
	};
	objectVersion = 46;
	objects = {

/* Begin PBXBuildFile section */
		EF55739B1D4EE5C700AC1E51 /* AppDelegate.swift in Sources */ = {isa = PBXBuildFile; fileRef = EF55739A1D4EE5C700AC1E51 /* AppDelegate.swift */; };
		EF55739D1D4EE5C800AC1E51 /* ViewController.swift in Sources */ = {isa = PBXBuildFile; fileRef = EF55739C1D4EE5C800AC1E51 /* ViewController.swift */; };
		EF5573A01D4EE5C800AC1E51 /* Main.storyboard in Resources */ = {isa = PBXBuildFile; fileRef = EF55739E1D4EE5C800AC1E51 /* Main.storyboard */; };
		EF5573A21D4EE5C800AC1E51 /* Assets.xcassets in Resources */ = {isa = PBXBuildFile; fileRef = EF5573A11D4EE5C800AC1E51 /* Assets.xcassets */; };
		EF5573A51D4EE5C800AC1E51 /* LaunchScreen.storyboard in Resources */ = {isa = PBXBuildFile; fileRef = EF5573A31D4EE5C800AC1E51 /* LaunchScreen.storyboard */; };
		EF5573B01D4EE5C900AC1E51 /* tableViewCollectionViewTests.swift in Sources */ = {isa = PBXBuildFile; fileRef = EF5573AF1D4EE5C900AC1E51 /* tableViewCollectionViewTests.swift */; };
		EF5573BB1D4EE5C900AC1E51 /* tableViewCollectionViewUITests.swift in Sources */ = {isa = PBXBuildFile; fileRef = EF5573BA1D4EE5C900AC1E51 /* tableViewCollectionViewUITests.swift */; };
/* End PBXBuildFile section */

/* Begin PBXContainerItemProxy section */
		EF5573AC1D4EE5C900AC1E51 /* PBXContainerItemProxy */ = {
			isa = PBXContainerItemProxy;
			containerPortal = EF55738F1D4EE5C500AC1E51 /* Project object */;
			proxyType = 1;
			remoteGlobalIDString = EF5573961D4EE5C600AC1E51;
			remoteInfo = tableViewCollectionView;
		};
		EF5573B71D4EE5C900AC1E51 /* PBXContainerItemProxy */ = {
			isa = PBXContainerItemProxy;
			containerPortal = EF55738F1D4EE5C500AC1E51 /* Project object */;
			proxyType = 1;
			remoteGlobalIDString = EF5573961D4EE5C600AC1E51;
			remoteInfo = tableViewCollectionView;
		};
/* End PBXContainerItemProxy section */

/* Begin PBXFileReference section */
		EF5573971D4EE5C600AC1E51 /* tableViewCollectionView.app */ = {isa = PBXFileReference; explicitFileType = wrapper.application; includeInIndex = 0; path = tableViewCollectionView.app; sourceTree = BUILT_PRODUCTS_DIR; };
		EF55739A1D4EE5C700AC1E51 /* AppDelegate.swift */ = {isa = PBXFileReference; lastKnownFileType = sourcecode.swift; path = AppDelegate.swift; sourceTree = "<group>"; };
		EF55739C1D4EE5C800AC1E51 /* ViewController.swift */ = {isa = PBXFileReference; lastKnownFileType = sourcecode.swift; path = ViewController.swift; sourceTree = "<group>"; };
		EF55739F1D4EE5C800AC1E51 /* Base */ = {isa = PBXFileReference; lastKnownFileType = file.storyboard; name = Base; path = Base.lproj/Main.storyboard; sourceTree = "<group>"; };
		EF5573A11D4EE5C800AC1E51 /* Assets.xcassets */ = {isa = PBXFileReference; lastKnownFileType = folder.assetcatalog; path = Assets.xcassets; sourceTree = "<group>"; };
		EF5573A41D4EE5C800AC1E51 /* Base */ = {isa = PBXFileReference; lastKnownFileType = file.storyboard; name = Base; path = Base.lproj/LaunchScreen.storyboard; sourceTree = "<group>"; };
		EF5573A61D4EE5C800AC1E51 /* Info.plist */ = {isa = PBXFileReference; lastKnownFileType = text.plist.xml; path = Info.plist; sourceTree = "<group>"; };
		EF5573AB1D4EE5C900AC1E51 /* tableViewCollectionViewTests.xctest */ = {isa = PBXFileReference; explicitFileType = wrapper.cfbundle; includeInIndex = 0; path = tableViewCollectionViewTests.xctest; sourceTree = BUILT_PRODUCTS_DIR; };
		EF5573AF1D4EE5C900AC1E51 /* tableViewCollectionViewTests.swift */ = {isa = PBXFileReference; lastKnownFileType = sourcecode.swift; path = tableViewCollectionViewTests.swift; sourceTree = "<group>"; };
		EF5573B11D4EE5C900AC1E51 /* Info.plist */ = {isa = PBXFileReference; lastKnownFileType = text.plist.xml; path = Info.plist; sourceTree = "<group>"; };
		EF5573B61D4EE5C900AC1E51 /* tableViewCollectionViewUITests.xctest */ = {isa = PBXFileReference; explicitFileType = wrapper.cfbundle; includeInIndex = 0; path = tableViewCollectionViewUITests.xctest; sourceTree = BUILT_PRODUCTS_DIR; };
		EF5573BA1D4EE5C900AC1E51 /* tableViewCollectionViewUITests.swift */ = {isa = PBXFileReference; lastKnownFileType = sourcecode.swift; path = tableViewCollectionViewUITests.swift; sourceTree = "<group>"; };
		EF5573BC1D4EE5C900AC1E51 /* Info.plist */ = {isa = PBXFileReference; lastKnownFileType = text.plist.xml; path = Info.plist; sourceTree = "<group>"; };
/* End PBXFileReference section */

/* Begin PBXFrameworksBuildPhase section */
		EF5573941D4EE5C600AC1E51 /* Frameworks */ = {
			isa = PBXFrameworksBuildPhase;
			buildActionMask = 2147483647;
			files = (
			);
			runOnlyForDeploymentPostprocessing = 0;
		};
		EF5573A81D4EE5C900AC1E51 /* Frameworks */ = {
			isa = PBXFrameworksBuildPhase;
			buildActionMask = 2147483647;
			files = (
			);
			runOnlyForDeploymentPostprocessing = 0;
		};
		EF5573B31D4EE5C900AC1E51 /* Frameworks */ = {
			isa = PBXFrameworksBuildPhase;
			buildActionMask = 2147483647;
			files = (
			);
			runOnlyForDeploymentPostprocessing = 0;
		};
/* End PBXFrameworksBuildPhase section */

/* Begin PBXGroup section */
		EF55738E1D4EE5C500AC1E51 = {
			isa = PBXGroup;
			children = (
				EF5573991D4EE5C700AC1E51 /* tableViewCollectionView */,
				EF5573AE1D4EE5C900AC1E51 /* tableViewCollectionViewTests */,
				EF5573B91D4EE5C900AC1E51 /* tableViewCollectionViewUITests */,
				EF5573981D4EE5C600AC1E51 /* Products */,
			);
			sourceTree = "<group>";
		};
		EF5573981D4EE5C600AC1E51 /* Products */ = {
			isa = PBXGroup;
			children = (
				EF5573971D4EE5C600AC1E51 /* tableViewCollectionView.app */,
				EF5573AB1D4EE5C900AC1E51 /* tableViewCollectionViewTests.xctest */,
				EF5573B61D4EE5C900AC1E51 /* tableViewCollectionViewUITests.xctest */,
			);
			name = Products;
			sourceTree = "<group>";
		};
		EF5573991D4EE5C700AC1E51 /* tableViewCollectionView */ = {
			isa = PBXGroup;
			children = (
				EF55739A1D4EE5C700AC1E51 /* AppDelegate.swift */,
				EF55739C1D4EE5C800AC1E51 /* ViewController.swift */,
				EF55739E1D4EE5C800AC1E51 /* Main.storyboard */,
				EF5573A11D4EE5C800AC1E51 /* Assets.xcassets */,
				EF5573A31D4EE5C800AC1E51 /* LaunchScreen.storyboard */,
				EF5573A61D4EE5C800AC1E51 /* Info.plist */,
			);
			path = tableViewCollectionView;
			sourceTree = "<group>";
		};
		EF5573AE1D4EE5C900AC1E51 /* tableViewCollectionViewTests */ = {
			isa = PBXGroup;
			children = (
				EF5573AF1D4EE5C900AC1E51 /* tableViewCollectionViewTests.swift */,
				EF5573B11D4EE5C900AC1E51 /* Info.plist */,
			);
			path = tableViewCollectionViewTests;
			sourceTree = "<group>";
		};
		EF5573B91D4EE5C900AC1E51 /* tableViewCollectionViewUITests */ = {
			isa = PBXGroup;
			children = (
				EF5573BA1D4EE5C900AC1E51 /* tableViewCollectionViewUITests.swift */,
				EF5573BC1D4EE5C900AC1E51 /* Info.plist */,
			);
			path = tableViewCollectionViewUITests;
			sourceTree = "<group>";
		};
/* End PBXGroup section */

/* Begin PBXNativeTarget section */
		EF5573961D4EE5C600AC1E51 /* tableViewCollectionView */ = {
			isa = PBXNativeTarget;
			buildConfigurationList = EF5573BF1D4EE5C900AC1E51 /* Build configuration list for PBXNativeTarget "tableViewCollectionView" */;
			buildPhases = (
				EF5573931D4EE5C600AC1E51 /* Sources */,
				EF5573941D4EE5C600AC1E51 /* Frameworks */,
				EF5573951D4EE5C600AC1E51 /* Resources */,
			);
			buildRules = (
			);
			dependencies = (
			);
			name = tableViewCollectionView;
			productName = tableViewCollectionView;
			productReference = EF5573971D4EE5C600AC1E51 /* tableViewCollectionView.app */;
			productType = "com.apple.product-type.application";
		};
		EF5573AA1D4EE5C900AC1E51 /* tableViewCollectionViewTests */ = {
			isa = PBXNativeTarget;
			buildConfigurationList = EF5573C21D4EE5CA00AC1E51 /* Build configuration list for PBXNativeTarget "tableViewCollectionViewTests" */;
			buildPhases = (
				EF5573A71D4EE5C900AC1E51 /* Sources */,
				EF5573A81D4EE5C900AC1E51 /* Frameworks */,
				EF5573A91D4EE5C900AC1E51 /* Resources */,
			);
			buildRules = (
			);
			dependencies = (
				EF5573AD1D4EE5C900AC1E51 /* PBXTargetDependency */,
			);
			name = tableViewCollectionViewTests;
			productName = tableViewCollectionViewTests;
			productReference = EF5573AB1D4EE5C900AC1E51 /* tableViewCollectionViewTests.xctest */;
			productType = "com.apple.product-type.bundle.unit-test";
		};
		EF5573B51D4EE5C900AC1E51 /* tableViewCollectionViewUITests */ = {
			isa = PBXNativeTarget;
			buildConfigurationList = EF5573C51D4EE5CA00AC1E51 /* Build configuration list for PBXNativeTarget "tableViewCollectionViewUITests" */;
			buildPhases = (
				EF5573B21D4EE5C900AC1E51 /* Sources */,
				EF5573B31D4EE5C900AC1E51 /* Frameworks */,
				EF5573B41D4EE5C900AC1E51 /* Resources */,
			);
			buildRules = (
			);
			dependencies = (
				EF5573B81D4EE5C900AC1E51 /* PBXTargetDependency */,
			);
			name = tableViewCollectionViewUITests;
			productName = tableViewCollectionViewUITests;
			productReference = EF5573B61D4EE5C900AC1E51 /* tableViewCollectionViewUITests.xctest */;
			productType = "com.apple.product-type.bundle.ui-testing";
		};
/* End PBXNativeTarget section */

/* Begin PBXProject section */
		EF55738F1D4EE5C500AC1E51 /* Project object */ = {
			isa = PBXProject;
			attributes = {
				LastSwiftUpdateCheck = 0730;
				LastUpgradeCheck = 0730;
				ORGANIZATIONNAME = myzj2004;
				TargetAttributes = {
					EF5573961D4EE5C600AC1E51 = {
						CreatedOnToolsVersion = 7.3.1;
					};
					EF5573AA1D4EE5C900AC1E51 = {
						CreatedOnToolsVersion = 7.3.1;
						TestTargetID = EF5573961D4EE5C600AC1E51;
					};
					EF5573B51D4EE5C900AC1E51 = {
						CreatedOnToolsVersion = 7.3.1;
						TestTargetID = EF5573961D4EE5C600AC1E51;
					};
				};
			};
			buildConfigurationList = EF5573921D4EE5C500AC1E51 /* Build configuration list for PBXProject "tableViewCollectionView" */;
			compatibilityVersion = "Xcode 3.2";
			developmentRegion = English;
			hasScannedForEncodings = 0;
			knownRegions = (
				en,
				Base,
			);
			mainGroup = EF55738E1D4EE5C500AC1E51;
			productRefGroup = EF5573981D4EE5C600AC1E51 /* Products */;
			projectDirPath = "";
			projectRoot = "";
			targets = (
				EF5573961D4EE5C600AC1E51 /* tableViewCollectionView */,
				EF5573AA1D4EE5C900AC1E51 /* tableViewCollectionViewTests */,
				EF5573B51D4EE5C900AC1E51 /* tableViewCollectionViewUITests */,
			);
		};
/* End PBXProject section */

/* Begin PBXResourcesBuildPhase section */
		EF5573951D4EE5C600AC1E51 /* Resources */ = {
			isa = PBXResourcesBuildPhase;
			buildActionMask = 2147483647;
			files = (
				EF5573A51D4EE5C800AC1E51 /* LaunchScreen.storyboard in Resources */,
				EF5573A21D4EE5C800AC1E51 /* Assets.xcassets in Resources */,
				EF5573A01D4EE5C800AC1E51 /* Main.storyboard in Resources */,
			);
			runOnlyForDeploymentPostprocessing = 0;
		};
		EF5573A91D4EE5C900AC1E51 /* Resources */ = {
			isa = PBXResourcesBuildPhase;
			buildActionMask = 2147483647;
			files = (
			);
			runOnlyForDeploymentPostprocessing = 0;
		};
		EF5573B41D4EE5C900AC1E51 /* Resources */ = {
			isa = PBXResourcesBuildPhase;
			buildActionMask = 2147483647;
			files = (
			);
			runOnlyForDeploymentPostprocessing = 0;
		};
/* End PBXResourcesBuildPhase section */

/* Begin PBXSourcesBuildPhase section */
		EF5573931D4EE5C600AC1E51 /* Sources */ = {
			isa = PBXSourcesBuildPhase;
			buildActionMask = 2147483647;
			files = (
				EF55739D1D4EE5C800AC1E51 /* ViewController.swift in Sources */,
				EF55739B1D4EE5C700AC1E51 /* AppDelegate.swift in Sources */,
			);
			runOnlyForDeploymentPostprocessing = 0;
		};
		EF5573A71D4EE5C900AC1E51 /* Sources */ = {
			isa = PBXSourcesBuildPhase;
			buildActionMask = 2147483647;
			files = (
				EF5573B01D4EE5C900AC1E51 /* tableViewCollectionViewTests.swift in Sources */,
			);
			runOnlyForDeploymentPostprocessing = 0;
		};
		EF5573B21D4EE5C900AC1E51 /* Sources */ = {
			isa = PBXSourcesBuildPhase;
			buildActionMask = 2147483647;
			files = (
				EF5573BB1D4EE5C900AC1E51 /* tableViewCollectionViewUITests.swift in Sources */,
			);
			runOnlyForDeploymentPostprocessing = 0;
		};
/* End PBXSourcesBuildPhase section */

/* Begin PBXTargetDependency section */
		EF5573AD1D4EE5C900AC1E51 /* PBXTargetDependency */ = {
			isa = PBXTargetDependency;
			target = EF5573961D4EE5C600AC1E51 /* tableViewCollectionView */;
			targetProxy = EF5573AC1D4EE5C900AC1E51 /* PBXContainerItemProxy */;
		};
		EF5573B81D4EE5C900AC1E51 /* PBXTargetDependency */ = {
			isa = PBXTargetDependency;
			target = EF5573961D4EE5C600AC1E51 /* tableViewCollectionView */;
			targetProxy = EF5573B71D4EE5C900AC1E51 /* PBXContainerItemProxy */;
		};
/* End PBXTargetDependency section */

/* Begin PBXVariantGroup section */
		EF55739E1D4EE5C800AC1E51 /* Main.storyboard */ = {
			isa = PBXVariantGroup;
			children = (
				EF55739F1D4EE5C800AC1E51 /* Base */,
			);
			name = Main.storyboard;
			sourceTree = "<group>";
		};
		EF5573A31D4EE5C800AC1E51 /* LaunchScreen.storyboard */ = {
			isa = PBXVariantGroup;
			children = (
				EF5573A41D4EE5C800AC1E51 /* Base */,
			);
			name = LaunchScreen.storyboard;
			sourceTree = "<group>";
		};
/* End PBXVariantGroup section */

/* Begin XCBuildConfiguration section */
		EF5573BD1D4EE5C900AC1E51 /* Debug */ = {
			isa = XCBuildConfiguration;
			buildSettings = {
				ALWAYS_SEARCH_USER_PATHS = NO;
				CLANG_ANALYZER_NONNULL = YES;
				CLANG_CXX_LANGUAGE_STANDARD = "gnu++0x";
				CLANG_CXX_LIBRARY = "libc++";
				CLANG_ENABLE_MODULES = YES;
				CLANG_ENABLE_OBJC_ARC = YES;
				CLANG_WARN_BOOL_CONVERSION = YES;
				CLANG_WARN_CONSTANT_CONVERSION = YES;
				CLANG_WARN_DIRECT_OBJC_ISA_USAGE = YES_ERROR;
				CLANG_WARN_EMPTY_BODY = YES;
				CLANG_WARN_ENUM_CONVERSION = YES;
				CLANG_WARN_INT_CONVERSION = YES;
				CLANG_WARN_OBJC_ROOT_CLASS = YES_ERROR;
				CLANG_WARN_UNREACHABLE_CODE = YES;
				CLANG_WARN__DUPLICATE_METHOD_MATCH = YES;
				"CODE_SIGN_IDENTITY[sdk=iphoneos*]" = "iPhone Developer";
				COPY_PHASE_STRIP = NO;
				DEBUG_INFORMATION_FORMAT = dwarf;
				ENABLE_STRICT_OBJC_MSGSEND = YES;
				ENABLE_TESTABILITY = YES;
				GCC_C_LANGUAGE_STANDARD = gnu99;
				GCC_DYNAMIC_NO_PIC = NO;
				GCC_NO_COMMON_BLOCKS = YES;
				GCC_OPTIMIZATION_LEVEL = 0;
				GCC_PREPROCESSOR_DEFINITIONS = (
					"DEBUG=1",
					"$(inherited)",
				);
				GCC_WARN_64_TO_32_BIT_CONVERSION = YES;
				GCC_WARN_ABOUT_RETURN_TYPE = YES_ERROR;
				GCC_WARN_UNDECLARED_SELECTOR = YES;
				GCC_WARN_UNINITIALIZED_AUTOS = YES_AGGRESSIVE;
				GCC_WARN_UNUSED_FUNCTION = YES;
				GCC_WARN_UNUSED_VARIABLE = YES;
				IPHONEOS_DEPLOYMENT_TARGET = 9.3;
				MTL_ENABLE_DEBUG_INFO = YES;
				ONLY_ACTIVE_ARCH = YES;
				SDKROOT = iphoneos;
				SWIFT_OPTIMIZATION_LEVEL = "-Onone";
				TARGETED_DEVICE_FAMILY = "1,2";
			};
			name = Debug;
		};
		EF5573BE1D4EE5C900AC1E51 /* Release */ = {
			isa = XCBuildConfiguration;
			buildSettings = {
				ALWAYS_SEARCH_USER_PATHS = NO;
				CLANG_ANALYZER_NONNULL = YES;
				CLANG_CXX_LANGUAGE_STANDARD = "gnu++0x";
				CLANG_CXX_LIBRARY = "libc++";
				CLANG_ENABLE_MODULES = YES;
				CLANG_ENABLE_OBJC_ARC = YES;
				CLANG_WARN_BOOL_CONVERSION = YES;
				CLANG_WARN_CONSTANT_CONVERSION = YES;
				CLANG_WARN_DIRECT_OBJC_ISA_USAGE = YES_ERROR;
				CLANG_WARN_EMPTY_BODY = YES;
				CLANG_WARN_ENUM_CONVERSION = YES;
				CLANG_WARN_INT_CONVERSION = YES;
				CLANG_WARN_OBJC_ROOT_CLASS = YES_ERROR;
				CLANG_WARN_UNREACHABLE_CODE = YES;
				CLANG_WARN__DUPLICATE_METHOD_MATCH = YES;
				"CODE_SIGN_IDENTITY[sdk=iphoneos*]" = "iPhone Developer";
				COPY_PHASE_STRIP = NO;
				DEBUG_INFORMATION_FORMAT = "dwarf-with-dsym";
				ENABLE_NS_ASSERTIONS = NO;
				ENABLE_STRICT_OBJC_MSGSEND = YES;
				GCC_C_LANGUAGE_STANDARD = gnu99;
				GCC_NO_COMMON_BLOCKS = YES;
				GCC_WARN_64_TO_32_BIT_CONVERSION = YES;
				GCC_WARN_ABOUT_RETURN_TYPE = YES_ERROR;
				GCC_WARN_UNDECLARED_SELECTOR = YES;
				GCC_WARN_UNINITIALIZED_AUTOS = YES_AGGRESSIVE;
				GCC_WARN_UNUSED_FUNCTION = YES;
				GCC_WARN_UNUSED_VARIABLE = YES;
				IPHONEOS_DEPLOYMENT_TARGET = 9.3;
				MTL_ENABLE_DEBUG_INFO = NO;
				SDKROOT = iphoneos;
				TARGETED_DEVICE_FAMILY = "1,2";
				VALIDATE_PRODUCT = YES;
			};
			name = Release;
		};
		EF5573C01D4EE5C900AC1E51 /* Debug */ = {
			isa = XCBuildConfiguration;
			buildSettings = {
				ASSETCATALOG_COMPILER_APPICON_NAME = AppIcon;
				INFOPLIST_FILE = tableViewCollectionView/Info.plist;
				LD_RUNPATH_SEARCH_PATHS = "$(inherited) @executable_path/Frameworks";
				PRODUCT_BUNDLE_IDENTIFIER = zhouhe.tableViewCollectionView;
				PRODUCT_NAME = "$(TARGET_NAME)";
			};
			name = Debug;
		};
		EF5573C11D4EE5C900AC1E51 /* Release */ = {
			isa = XCBuildConfiguration;
			buildSettings = {
				ASSETCATALOG_COMPILER_APPICON_NAME = AppIcon;
				INFOPLIST_FILE = tableViewCollectionView/Info.plist;
				LD_RUNPATH_SEARCH_PATHS = "$(inherited) @executable_path/Frameworks";
				PRODUCT_BUNDLE_IDENTIFIER = zhouhe.tableViewCollectionView;
				PRODUCT_NAME = "$(TARGET_NAME)";
			};
			name = Release;
		};
		EF5573C31D4EE5CA00AC1E51 /* Debug */ = {
			isa = XCBuildConfiguration;
			buildSettings = {
				BUNDLE_LOADER = "$(TEST_HOST)";
				INFOPLIST_FILE = tableViewCollectionViewTests/Info.plist;
				LD_RUNPATH_SEARCH_PATHS = "$(inherited) @executable_path/Frameworks @loader_path/Frameworks";
				PRODUCT_BUNDLE_IDENTIFIER = zhouhe.tableViewCollectionViewTests;
				PRODUCT_NAME = "$(TARGET_NAME)";
				TEST_HOST = "$(BUILT_PRODUCTS_DIR)/tableViewCollectionView.app/tableViewCollectionView";
			};
			name = Debug;
		};
		EF5573C41D4EE5CA00AC1E51 /* Release */ = {
			isa = XCBuildConfiguration;
			buildSettings = {
				BUNDLE_LOADER = "$(TEST_HOST)";
				INFOPLIST_FILE = tableViewCollectionViewTests/Info.plist;
				LD_RUNPATH_SEARCH_PATHS = "$(inherited) @executable_path/Frameworks @loader_path/Frameworks";
				PRODUCT_BUNDLE_IDENTIFIER = zhouhe.tableViewCollectionViewTests;
				PRODUCT_NAME = "$(TARGET_NAME)";
				TEST_HOST = "$(BUILT_PRODUCTS_DIR)/tableViewCollectionView.app/tableViewCollectionView";
			};
			name = Release;
		};
		EF5573C61D4EE5CA00AC1E51 /* Debug */ = {
			isa = XCBuildConfiguration;
			buildSettings = {
				INFOPLIST_FILE = tableViewCollectionViewUITests/Info.plist;
				LD_RUNPATH_SEARCH_PATHS = "$(inherited) @executable_path/Frameworks @loader_path/Frameworks";
				PRODUCT_BUNDLE_IDENTIFIER = zhouhe.tableViewCollectionViewUITests;
				PRODUCT_NAME = "$(TARGET_NAME)";
				TEST_TARGET_NAME = tableViewCollectionView;
			};
			name = Debug;
		};
		EF5573C71D4EE5CA00AC1E51 /* Release */ = {
			isa = XCBuildConfiguration;
			buildSettings = {
				INFOPLIST_FILE = tableViewCollectionViewUITests/Info.plist;
				LD_RUNPATH_SEARCH_PATHS = "$(inherited) @executable_path/Frameworks @loader_path/Frameworks";
				PRODUCT_BUNDLE_IDENTIFIER = zhouhe.tableViewCollectionViewUITests;
				PRODUCT_NAME = "$(TARGET_NAME)";
				TEST_TARGET_NAME = tableViewCollectionView;
			};
			name = Release;
		};
/* End XCBuildConfiguration section */

/* Begin XCConfigurationList section */
		EF5573921D4EE5C500AC1E51 /* Build configuration list for PBXProject "tableViewCollectionView" */ = {
			isa = XCConfigurationList;
			buildConfigurations = (
				EF5573BD1D4EE5C900AC1E51 /* Debug */,
				EF5573BE1D4EE5C900AC1E51 /* Release */,
			);
			defaultConfigurationIsVisible = 0;
			defaultConfigurationName = Release;
		};
		EF5573BF1D4EE5C900AC1E51 /* Build configuration list for PBXNativeTarget "tableViewCollectionView" */ = {
			isa = XCConfigurationList;
			buildConfigurations = (
				EF5573C01D4EE5C900AC1E51 /* Debug */,
				EF5573C11D4EE5C900AC1E51 /* Release */,
			);
			defaultConfigurationIsVisible = 0;
		};
		EF5573C21D4EE5CA00AC1E51 /* Build configuration list for PBXNativeTarget "tableViewCollectionViewTests" */ = {
			isa = XCConfigurationList;
			buildConfigurations = (
				EF5573C31D4EE5CA00AC1E51 /* Debug */,
				EF5573C41D4EE5CA00AC1E51 /* Release */,
			);
			defaultConfigurationIsVisible = 0;
		};
		EF5573C51D4EE5CA00AC1E51 /* Build configuration list for PBXNativeTarget "tableViewCollectionViewUITests" */ = {
			isa = XCConfigurationList;
			buildConfigurations = (
				EF5573C61D4EE5CA00AC1E51 /* Debug */,
				EF5573C71D4EE5CA00AC1E51 /* Release */,
			);
			defaultConfigurationIsVisible = 0;
		};
/* End XCConfigurationList section */
	};
	rootObject = EF55738F1D4EE5C500AC1E51 /* Project object */;
}
