// !$*UTF8*$!
{
	archiveVersion = 1;
	classes = {
	};
	objectVersion = 46;
	objects = {

/* Begin PBXBuildFile section */
		EF5573611D49A20C00AC1E51 /* AppDelegate.swift in Sources */ = {isa = PBXBuildFile; fileRef = EF5573601D49A20C00AC1E51 /* AppDelegate.swift */; };
		EF5573631D49A20C00AC1E51 /* ViewController.swift in Sources */ = {isa = PBXBuildFile; fileRef = EF5573621D49A20C00AC1E51 /* ViewController.swift */; };
		EF5573661D49A20C00AC1E51 /* Main.storyboard in Resources */ = {isa = PBXBuildFile; fileRef = EF5573641D49A20C00AC1E51 /* Main.storyboard */; };
		EF5573681D49A20C00AC1E51 /* Assets.xcassets in Resources */ = {isa = PBXBuildFile; fileRef = EF5573671D49A20C00AC1E51 /* Assets.xcassets */; };
		EF55736B1D49A20C00AC1E51 /* LaunchScreen.storyboard in Resources */ = {isa = PBXBuildFile; fileRef = EF5573691D49A20C00AC1E51 /* LaunchScreen.storyboard */; };
		EF5573761D49A20C00AC1E51 /* CustomLogTests.swift in Sources */ = {isa = PBXBuildFile; fileRef = EF5573751D49A20C00AC1E51 /* CustomLogTests.swift */; };
		EF5573811D49A20C00AC1E51 /* CustomLogUITests.swift in Sources */ = {isa = PBXBuildFile; fileRef = EF5573801D49A20C00AC1E51 /* CustomLogUITests.swift */; };
/* End PBXBuildFile section */

/* Begin PBXContainerItemProxy section */
		EF5573721D49A20C00AC1E51 /* PBXContainerItemProxy */ = {
			isa = PBXContainerItemProxy;
			containerPortal = EF5573551D49A20B00AC1E51 /* Project object */;
			proxyType = 1;
			remoteGlobalIDString = EF55735C1D49A20C00AC1E51;
			remoteInfo = CustomLog;
		};
		EF55737D1D49A20C00AC1E51 /* PBXContainerItemProxy */ = {
			isa = PBXContainerItemProxy;
			containerPortal = EF5573551D49A20B00AC1E51 /* Project object */;
			proxyType = 1;
			remoteGlobalIDString = EF55735C1D49A20C00AC1E51;
			remoteInfo = CustomLog;
		};
/* End PBXContainerItemProxy section */

/* Begin PBXFileReference section */
		EF55735D1D49A20C00AC1E51 /* CustomLog.app */ = {isa = PBXFileReference; explicitFileType = wrapper.application; includeInIndex = 0; path = CustomLog.app; sourceTree = BUILT_PRODUCTS_DIR; };
		EF5573601D49A20C00AC1E51 /* AppDelegate.swift */ = {isa = PBXFileReference; lastKnownFileType = sourcecode.swift; path = AppDelegate.swift; sourceTree = "<group>"; };
		EF5573621D49A20C00AC1E51 /* ViewController.swift */ = {isa = PBXFileReference; lastKnownFileType = sourcecode.swift; path = ViewController.swift; sourceTree = "<group>"; };
		EF5573651D49A20C00AC1E51 /* Base */ = {isa = PBXFileReference; lastKnownFileType = file.storyboard; name = Base; path = Base.lproj/Main.storyboard; sourceTree = "<group>"; };
		EF5573671D49A20C00AC1E51 /* Assets.xcassets */ = {isa = PBXFileReference; lastKnownFileType = folder.assetcatalog; path = Assets.xcassets; sourceTree = "<group>"; };
		EF55736A1D49A20C00AC1E51 /* Base */ = {isa = PBXFileReference; lastKnownFileType = file.storyboard; name = Base; path = Base.lproj/LaunchScreen.storyboard; sourceTree = "<group>"; };
		EF55736C1D49A20C00AC1E51 /* Info.plist */ = {isa = PBXFileReference; lastKnownFileType = text.plist.xml; path = Info.plist; sourceTree = "<group>"; };
		EF5573711D49A20C00AC1E51 /* CustomLogTests.xctest */ = {isa = PBXFileReference; explicitFileType = wrapper.cfbundle; includeInIndex = 0; path = CustomLogTests.xctest; sourceTree = BUILT_PRODUCTS_DIR; };
		EF5573751D49A20C00AC1E51 /* CustomLogTests.swift */ = {isa = PBXFileReference; lastKnownFileType = sourcecode.swift; path = CustomLogTests.swift; sourceTree = "<group>"; };
		EF5573771D49A20C00AC1E51 /* Info.plist */ = {isa = PBXFileReference; lastKnownFileType = text.plist.xml; path = Info.plist; sourceTree = "<group>"; };
		EF55737C1D49A20C00AC1E51 /* CustomLogUITests.xctest */ = {isa = PBXFileReference; explicitFileType = wrapper.cfbundle; includeInIndex = 0; path = CustomLogUITests.xctest; sourceTree = BUILT_PRODUCTS_DIR; };
		EF5573801D49A20C00AC1E51 /* CustomLogUITests.swift */ = {isa = PBXFileReference; lastKnownFileType = sourcecode.swift; path = CustomLogUITests.swift; sourceTree = "<group>"; };
		EF5573821D49A20C00AC1E51 /* Info.plist */ = {isa = PBXFileReference; lastKnownFileType = text.plist.xml; path = Info.plist; sourceTree = "<group>"; };
/* End PBXFileReference section */

/* Begin PBXFrameworksBuildPhase section */
		EF55735A1D49A20C00AC1E51 /* Frameworks */ = {
			isa = PBXFrameworksBuildPhase;
			buildActionMask = 2147483647;
			files = (
			);
			runOnlyForDeploymentPostprocessing = 0;
		};
		EF55736E1D49A20C00AC1E51 /* Frameworks */ = {
			isa = PBXFrameworksBuildPhase;
			buildActionMask = 2147483647;
			files = (
			);
			runOnlyForDeploymentPostprocessing = 0;
		};
		EF5573791D49A20C00AC1E51 /* Frameworks */ = {
			isa = PBXFrameworksBuildPhase;
			buildActionMask = 2147483647;
			files = (
			);
			runOnlyForDeploymentPostprocessing = 0;
		};
/* End PBXFrameworksBuildPhase section */

/* Begin PBXGroup section */
		EF5573541D49A20B00AC1E51 = {
			isa = PBXGroup;
			children = (
				EF55735F1D49A20C00AC1E51 /* CustomLog */,
				EF5573741D49A20C00AC1E51 /* CustomLogTests */,
				EF55737F1D49A20C00AC1E51 /* CustomLogUITests */,
				EF55735E1D49A20C00AC1E51 /* Products */,
			);
			sourceTree = "<group>";
		};
		EF55735E1D49A20C00AC1E51 /* Products */ = {
			isa = PBXGroup;
			children = (
				EF55735D1D49A20C00AC1E51 /* CustomLog.app */,
				EF5573711D49A20C00AC1E51 /* CustomLogTests.xctest */,
				EF55737C1D49A20C00AC1E51 /* CustomLogUITests.xctest */,
			);
			name = Products;
			sourceTree = "<group>";
		};
		EF55735F1D49A20C00AC1E51 /* CustomLog */ = {
			isa = PBXGroup;
			children = (
				EF5573601D49A20C00AC1E51 /* AppDelegate.swift */,
				EF5573621D49A20C00AC1E51 /* ViewController.swift */,
				EF5573641D49A20C00AC1E51 /* Main.storyboard */,
				EF5573671D49A20C00AC1E51 /* Assets.xcassets */,
				EF5573691D49A20C00AC1E51 /* LaunchScreen.storyboard */,
				EF55736C1D49A20C00AC1E51 /* Info.plist */,
			);
			path = CustomLog;
			sourceTree = "<group>";
		};
		EF5573741D49A20C00AC1E51 /* CustomLogTests */ = {
			isa = PBXGroup;
			children = (
				EF5573751D49A20C00AC1E51 /* CustomLogTests.swift */,
				EF5573771D49A20C00AC1E51 /* Info.plist */,
			);
			path = CustomLogTests;
			sourceTree = "<group>";
		};
		EF55737F1D49A20C00AC1E51 /* CustomLogUITests */ = {
			isa = PBXGroup;
			children = (
				EF5573801D49A20C00AC1E51 /* CustomLogUITests.swift */,
				EF5573821D49A20C00AC1E51 /* Info.plist */,
			);
			path = CustomLogUITests;
			sourceTree = "<group>";
		};
/* End PBXGroup section */

/* Begin PBXNativeTarget section */
		EF55735C1D49A20C00AC1E51 /* CustomLog */ = {
			isa = PBXNativeTarget;
			buildConfigurationList = EF5573851D49A20C00AC1E51 /* Build configuration list for PBXNativeTarget "CustomLog" */;
			buildPhases = (
				EF5573591D49A20C00AC1E51 /* Sources */,
				EF55735A1D49A20C00AC1E51 /* Frameworks */,
				EF55735B1D49A20C00AC1E51 /* Resources */,
			);
			buildRules = (
			);
			dependencies = (
			);
			name = CustomLog;
			productName = CustomLog;
			productReference = EF55735D1D49A20C00AC1E51 /* CustomLog.app */;
			productType = "com.apple.product-type.application";
		};
		EF5573701D49A20C00AC1E51 /* CustomLogTests */ = {
			isa = PBXNativeTarget;
			buildConfigurationList = EF5573881D49A20C00AC1E51 /* Build configuration list for PBXNativeTarget "CustomLogTests" */;
			buildPhases = (
				EF55736D1D49A20C00AC1E51 /* Sources */,
				EF55736E1D49A20C00AC1E51 /* Frameworks */,
				EF55736F1D49A20C00AC1E51 /* Resources */,
			);
			buildRules = (
			);
			dependencies = (
				EF5573731D49A20C00AC1E51 /* PBXTargetDependency */,
			);
			name = CustomLogTests;
			productName = CustomLogTests;
			productReference = EF5573711D49A20C00AC1E51 /* CustomLogTests.xctest */;
			productType = "com.apple.product-type.bundle.unit-test";
		};
		EF55737B1D49A20C00AC1E51 /* CustomLogUITests */ = {
			isa = PBXNativeTarget;
			buildConfigurationList = EF55738B1D49A20C00AC1E51 /* Build configuration list for PBXNativeTarget "CustomLogUITests" */;
			buildPhases = (
				EF5573781D49A20C00AC1E51 /* Sources */,
				EF5573791D49A20C00AC1E51 /* Frameworks */,
				EF55737A1D49A20C00AC1E51 /* Resources */,
			);
			buildRules = (
			);
			dependencies = (
				EF55737E1D49A20C00AC1E51 /* PBXTargetDependency */,
			);
			name = CustomLogUITests;
			productName = CustomLogUITests;
			productReference = EF55737C1D49A20C00AC1E51 /* CustomLogUITests.xctest */;
			productType = "com.apple.product-type.bundle.ui-testing";
		};
/* End PBXNativeTarget section */

/* Begin PBXProject section */
		EF5573551D49A20B00AC1E51 /* Project object */ = {
			isa = PBXProject;
			attributes = {
				LastSwiftUpdateCheck = 0730;
				LastUpgradeCheck = 0730;
				ORGANIZATIONNAME = myzj2004;
				TargetAttributes = {
					EF55735C1D49A20C00AC1E51 = {
						CreatedOnToolsVersion = 7.3.1;
					};
					EF5573701D49A20C00AC1E51 = {
						CreatedOnToolsVersion = 7.3.1;
						TestTargetID = EF55735C1D49A20C00AC1E51;
					};
					EF55737B1D49A20C00AC1E51 = {
						CreatedOnToolsVersion = 7.3.1;
						TestTargetID = EF55735C1D49A20C00AC1E51;
					};
				};
			};
			buildConfigurationList = EF5573581D49A20B00AC1E51 /* Build configuration list for PBXProject "CustomLog" */;
			compatibilityVersion = "Xcode 3.2";
			developmentRegion = English;
			hasScannedForEncodings = 0;
			knownRegions = (
				en,
				Base,
			);
			mainGroup = EF5573541D49A20B00AC1E51;
			productRefGroup = EF55735E1D49A20C00AC1E51 /* Products */;
			projectDirPath = "";
			projectRoot = "";
			targets = (
				EF55735C1D49A20C00AC1E51 /* CustomLog */,
				EF5573701D49A20C00AC1E51 /* CustomLogTests */,
				EF55737B1D49A20C00AC1E51 /* CustomLogUITests */,
			);
		};
/* End PBXProject section */

/* Begin PBXResourcesBuildPhase section */
		EF55735B1D49A20C00AC1E51 /* Resources */ = {
			isa = PBXResourcesBuildPhase;
			buildActionMask = 2147483647;
			files = (
				EF55736B1D49A20C00AC1E51 /* LaunchScreen.storyboard in Resources */,
				EF5573681D49A20C00AC1E51 /* Assets.xcassets in Resources */,
				EF5573661D49A20C00AC1E51 /* Main.storyboard in Resources */,
			);
			runOnlyForDeploymentPostprocessing = 0;
		};
		EF55736F1D49A20C00AC1E51 /* Resources */ = {
			isa = PBXResourcesBuildPhase;
			buildActionMask = 2147483647;
			files = (
			);
			runOnlyForDeploymentPostprocessing = 0;
		};
		EF55737A1D49A20C00AC1E51 /* Resources */ = {
			isa = PBXResourcesBuildPhase;
			buildActionMask = 2147483647;
			files = (
			);
			runOnlyForDeploymentPostprocessing = 0;
		};
/* End PBXResourcesBuildPhase section */

/* Begin PBXSourcesBuildPhase section */
		EF5573591D49A20C00AC1E51 /* Sources */ = {
			isa = PBXSourcesBuildPhase;
			buildActionMask = 2147483647;
			files = (
				EF5573631D49A20C00AC1E51 /* ViewController.swift in Sources */,
				EF5573611D49A20C00AC1E51 /* AppDelegate.swift in Sources */,
			);
			runOnlyForDeploymentPostprocessing = 0;
		};
		EF55736D1D49A20C00AC1E51 /* Sources */ = {
			isa = PBXSourcesBuildPhase;
			buildActionMask = 2147483647;
			files = (
				EF5573761D49A20C00AC1E51 /* CustomLogTests.swift in Sources */,
			);
			runOnlyForDeploymentPostprocessing = 0;
		};
		EF5573781D49A20C00AC1E51 /* Sources */ = {
			isa = PBXSourcesBuildPhase;
			buildActionMask = 2147483647;
			files = (
				EF5573811D49A20C00AC1E51 /* CustomLogUITests.swift in Sources */,
			);
			runOnlyForDeploymentPostprocessing = 0;
		};
/* End PBXSourcesBuildPhase section */

/* Begin PBXTargetDependency section */
		EF5573731D49A20C00AC1E51 /* PBXTargetDependency */ = {
			isa = PBXTargetDependency;
			target = EF55735C1D49A20C00AC1E51 /* CustomLog */;
			targetProxy = EF5573721D49A20C00AC1E51 /* PBXContainerItemProxy */;
		};
		EF55737E1D49A20C00AC1E51 /* PBXTargetDependency */ = {
			isa = PBXTargetDependency;
			target = EF55735C1D49A20C00AC1E51 /* CustomLog */;
			targetProxy = EF55737D1D49A20C00AC1E51 /* PBXContainerItemProxy */;
		};
/* End PBXTargetDependency section */

/* Begin PBXVariantGroup section */
		EF5573641D49A20C00AC1E51 /* Main.storyboard */ = {
			isa = PBXVariantGroup;
			children = (
				EF5573651D49A20C00AC1E51 /* Base */,
			);
			name = Main.storyboard;
			sourceTree = "<group>";
		};
		EF5573691D49A20C00AC1E51 /* LaunchScreen.storyboard */ = {
			isa = PBXVariantGroup;
			children = (
				EF55736A1D49A20C00AC1E51 /* Base */,
			);
			name = LaunchScreen.storyboard;
			sourceTree = "<group>";
		};
/* End PBXVariantGroup section */

/* Begin XCBuildConfiguration section */
		EF5573831D49A20C00AC1E51 /* Debug */ = {
			isa = XCBuildConfiguration;
			buildSettings = {
				ALWAYS_SEARCH_USER_PATHS = NO;
				CLANG_ANALYZER_NONNULL = YES;
				CLANG_CXX_LANGUAGE_STANDARD = "gnu++0x";
				CLANG_CXX_LIBRARY = "libc++";
				CLANG_ENABLE_MODULES = YES;
				CLANG_ENABLE_OBJC_ARC = YES;
				CLANG_WARN_BOOL_CONVERSION = YES;
				CLANG_WARN_CONSTANT_CONVERSION = YES;
				CLANG_WARN_DIRECT_OBJC_ISA_USAGE = YES_ERROR;
				CLANG_WARN_EMPTY_BODY = YES;
				CLANG_WARN_ENUM_CONVERSION = YES;
				CLANG_WARN_INT_CONVERSION = YES;
				CLANG_WARN_OBJC_ROOT_CLASS = YES_ERROR;
				CLANG_WARN_UNREACHABLE_CODE = YES;
				CLANG_WARN__DUPLICATE_METHOD_MATCH = YES;
				"CODE_SIGN_IDENTITY[sdk=iphoneos*]" = "iPhone Developer";
				COPY_PHASE_STRIP = NO;
				DEBUG_INFORMATION_FORMAT = dwarf;
				ENABLE_STRICT_OBJC_MSGSEND = YES;
				ENABLE_TESTABILITY = YES;
				GCC_C_LANGUAGE_STANDARD = gnu99;
				GCC_DYNAMIC_NO_PIC = NO;
				GCC_NO_COMMON_BLOCKS = YES;
				GCC_OPTIMIZATION_LEVEL = 0;
				GCC_PREPROCESSOR_DEFINITIONS = (
					"DEBUG=1",
					"$(inherited)",
				);
				GCC_WARN_64_TO_32_BIT_CONVERSION = YES;
				GCC_WARN_ABOUT_RETURN_TYPE = YES_ERROR;
				GCC_WARN_UNDECLARED_SELECTOR = YES;
				GCC_WARN_UNINITIALIZED_AUTOS = YES_AGGRESSIVE;
				GCC_WARN_UNUSED_FUNCTION = YES;
				GCC_WARN_UNUSED_VARIABLE = YES;
				IPHONEOS_DEPLOYMENT_TARGET = 9.3;
				MTL_ENABLE_DEBUG_INFO = YES;
				ONLY_ACTIVE_ARCH = YES;
				SDKROOT = iphoneos;
				SWIFT_OPTIMIZATION_LEVEL = "-Onone";
				TARGETED_DEVICE_FAMILY = "1,2";
			};
			name = Debug;
		};
		EF5573841D49A20C00AC1E51 /* Release */ = {
			isa = XCBuildConfiguration;
			buildSettings = {
				ALWAYS_SEARCH_USER_PATHS = NO;
				CLANG_ANALYZER_NONNULL = YES;
				CLANG_CXX_LANGUAGE_STANDARD = "gnu++0x";
				CLANG_CXX_LIBRARY = "libc++";
				CLANG_ENABLE_MODULES = YES;
				CLANG_ENABLE_OBJC_ARC = YES;
				CLANG_WARN_BOOL_CONVERSION = YES;
				CLANG_WARN_CONSTANT_CONVERSION = YES;
				CLANG_WARN_DIRECT_OBJC_ISA_USAGE = YES_ERROR;
				CLANG_WARN_EMPTY_BODY = YES;
				CLANG_WARN_ENUM_CONVERSION = YES;
				CLANG_WARN_INT_CONVERSION = YES;
				CLANG_WARN_OBJC_ROOT_CLASS = YES_ERROR;
				CLANG_WARN_UNREACHABLE_CODE = YES;
				CLANG_WARN__DUPLICATE_METHOD_MATCH = YES;
				"CODE_SIGN_IDENTITY[sdk=iphoneos*]" = "iPhone Developer";
				COPY_PHASE_STRIP = NO;
				DEBUG_INFORMATION_FORMAT = "dwarf-with-dsym";
				ENABLE_NS_ASSERTIONS = NO;
				ENABLE_STRICT_OBJC_MSGSEND = YES;
				GCC_C_LANGUAGE_STANDARD = gnu99;
				GCC_NO_COMMON_BLOCKS = YES;
				GCC_WARN_64_TO_32_BIT_CONVERSION = YES;
				GCC_WARN_ABOUT_RETURN_TYPE = YES_ERROR;
				GCC_WARN_UNDECLARED_SELECTOR = YES;
				GCC_WARN_UNINITIALIZED_AUTOS = YES_AGGRESSIVE;
				GCC_WARN_UNUSED_FUNCTION = YES;
				GCC_WARN_UNUSED_VARIABLE = YES;
				IPHONEOS_DEPLOYMENT_TARGET = 9.3;
				MTL_ENABLE_DEBUG_INFO = NO;
				SDKROOT = iphoneos;
				TARGETED_DEVICE_FAMILY = "1,2";
				VALIDATE_PRODUCT = YES;
			};
			name = Release;
		};
		EF5573861D49A20C00AC1E51 /* Debug */ = {
			isa = XCBuildConfiguration;
			buildSettings = {
				ASSETCATALOG_COMPILER_APPICON_NAME = AppIcon;
				INFOPLIST_FILE = CustomLog/Info.plist;
				LD_RUNPATH_SEARCH_PATHS = "$(inherited) @executable_path/Frameworks";
				OTHER_SWIFT_FLAGS = "";
				"OTHER_SWIFT_FLAGS[arch=*]" = "-D DEBUG";
				PRODUCT_BUNDLE_IDENTIFIER = zhouhe.CustomLog;
				PRODUCT_NAME = "$(TARGET_NAME)";
			};
			name = Debug;
		};
		EF5573871D49A20C00AC1E51 /* Release */ = {
			isa = XCBuildConfiguration;
			buildSettings = {
				ASSETCATALOG_COMPILER_APPICON_NAME = AppIcon;
				INFOPLIST_FILE = CustomLog/Info.plist;
				LD_RUNPATH_SEARCH_PATHS = "$(inherited) @executable_path/Frameworks";
				PRODUCT_BUNDLE_IDENTIFIER = zhouhe.CustomLog;
				PRODUCT_NAME = "$(TARGET_NAME)";
			};
			name = Release;
		};
		EF5573891D49A20C00AC1E51 /* Debug */ = {
			isa = XCBuildConfiguration;
			buildSettings = {
				BUNDLE_LOADER = "$(TEST_HOST)";
				INFOPLIST_FILE = CustomLogTests/Info.plist;
				LD_RUNPATH_SEARCH_PATHS = "$(inherited) @executable_path/Frameworks @loader_path/Frameworks";
				PRODUCT_BUNDLE_IDENTIFIER = zhouhe.CustomLogTests;
				PRODUCT_NAME = "$(TARGET_NAME)";
				TEST_HOST = "$(BUILT_PRODUCTS_DIR)/CustomLog.app/CustomLog";
			};
			name = Debug;
		};
		EF55738A1D49A20C00AC1E51 /* Release */ = {
			isa = XCBuildConfiguration;
			buildSettings = {
				BUNDLE_LOADER = "$(TEST_HOST)";
				INFOPLIST_FILE = CustomLogTests/Info.plist;
				LD_RUNPATH_SEARCH_PATHS = "$(inherited) @executable_path/Frameworks @loader_path/Frameworks";
				PRODUCT_BUNDLE_IDENTIFIER = zhouhe.CustomLogTests;
				PRODUCT_NAME = "$(TARGET_NAME)";
				TEST_HOST = "$(BUILT_PRODUCTS_DIR)/CustomLog.app/CustomLog";
			};
			name = Release;
		};
		EF55738C1D49A20C00AC1E51 /* Debug */ = {
			isa = XCBuildConfiguration;
			buildSettings = {
				INFOPLIST_FILE = CustomLogUITests/Info.plist;
				LD_RUNPATH_SEARCH_PATHS = "$(inherited) @executable_path/Frameworks @loader_path/Frameworks";
				PRODUCT_BUNDLE_IDENTIFIER = zhouhe.CustomLogUITests;
				PRODUCT_NAME = "$(TARGET_NAME)";
				TEST_TARGET_NAME = CustomLog;
			};
			name = Debug;
		};
		EF55738D1D49A20C00AC1E51 /* Release */ = {
			isa = XCBuildConfiguration;
			buildSettings = {
				INFOPLIST_FILE = CustomLogUITests/Info.plist;
				LD_RUNPATH_SEARCH_PATHS = "$(inherited) @executable_path/Frameworks @loader_path/Frameworks";
				PRODUCT_BUNDLE_IDENTIFIER = zhouhe.CustomLogUITests;
				PRODUCT_NAME = "$(TARGET_NAME)";
				TEST_TARGET_NAME = CustomLog;
			};
			name = Release;
		};
/* End XCBuildConfiguration section */

/* Begin XCConfigurationList section */
		EF5573581D49A20B00AC1E51 /* Build configuration list for PBXProject "CustomLog" */ = {
			isa = XCConfigurationList;
			buildConfigurations = (
				EF5573831D49A20C00AC1E51 /* Debug */,
				EF5573841D49A20C00AC1E51 /* Release */,
			);
			defaultConfigurationIsVisible = 0;
			defaultConfigurationName = Release;
		};
		EF5573851D49A20C00AC1E51 /* Build configuration list for PBXNativeTarget "CustomLog" */ = {
			isa = XCConfigurationList;
			buildConfigurations = (
				EF5573861D49A20C00AC1E51 /* Debug */,
				EF5573871D49A20C00AC1E51 /* Release */,
			);
			defaultConfigurationIsVisible = 0;
		};
		EF5573881D49A20C00AC1E51 /* Build configuration list for PBXNativeTarget "CustomLogTests" */ = {
			isa = XCConfigurationList;
			buildConfigurations = (
				EF5573891D49A20C00AC1E51 /* Debug */,
				EF55738A1D49A20C00AC1E51 /* Release */,
			);
			defaultConfigurationIsVisible = 0;
		};
		EF55738B1D49A20C00AC1E51 /* Build configuration list for PBXNativeTarget "CustomLogUITests" */ = {
			isa = XCConfigurationList;
			buildConfigurations = (
				EF55738C1D49A20C00AC1E51 /* Debug */,
				EF55738D1D49A20C00AC1E51 /* Release */,
			);
			defaultConfigurationIsVisible = 0;
		};
/* End XCConfigurationList section */
	};
	rootObject = EF5573551D49A20B00AC1E51 /* Project object */;
}
