// !$*UTF8*$!
{
	archiveVersion = 1;
	classes = {
	};
	objectVersion = 46;
	objects = {

/* Begin PBXBuildFile section */
		EF5573271D48B8B400AC1E51 /* AppDelegate.swift in Sources */ = {isa = PBXBuildFile; fileRef = EF5573261D48B8B400AC1E51 /* AppDelegate.swift */; };
		EF5573291D48B8B400AC1E51 /* ViewController.swift in Sources */ = {isa = PBXBuildFile; fileRef = EF5573281D48B8B400AC1E51 /* ViewController.swift */; };
		EF55732C1D48B8B400AC1E51 /* Main.storyboard in Resources */ = {isa = PBXBuildFile; fileRef = EF55732A1D48B8B400AC1E51 /* Main.storyboard */; };
		EF55732E1D48B8B500AC1E51 /* Assets.xcassets in Resources */ = {isa = PBXBuildFile; fileRef = EF55732D1D48B8B500AC1E51 /* Assets.xcassets */; };
		EF5573311D48B8B500AC1E51 /* LaunchScreen.storyboard in Resources */ = {isa = PBXBuildFile; fileRef = EF55732F1D48B8B500AC1E51 /* LaunchScreen.storyboard */; };
		EF55733C1D48B8B500AC1E51 /* StwiftTableViewTests.swift in Sources */ = {isa = PBXBuildFile; fileRef = EF55733B1D48B8B500AC1E51 /* StwiftTableViewTests.swift */; };
		EF5573471D48B8B500AC1E51 /* StwiftTableViewUITests.swift in Sources */ = {isa = PBXBuildFile; fileRef = EF5573461D48B8B500AC1E51 /* StwiftTableViewUITests.swift */; };
/* End PBXBuildFile section */

/* Begin PBXContainerItemProxy section */
		EF5573381D48B8B500AC1E51 /* PBXContainerItemProxy */ = {
			isa = PBXContainerItemProxy;
			containerPortal = EF55731B1D48B8B400AC1E51 /* Project object */;
			proxyType = 1;
			remoteGlobalIDString = EF5573221D48B8B400AC1E51;
			remoteInfo = StwiftTableView;
		};
		EF5573431D48B8B500AC1E51 /* PBXContainerItemProxy */ = {
			isa = PBXContainerItemProxy;
			containerPortal = EF55731B1D48B8B400AC1E51 /* Project object */;
			proxyType = 1;
			remoteGlobalIDString = EF5573221D48B8B400AC1E51;
			remoteInfo = StwiftTableView;
		};
/* End PBXContainerItemProxy section */

/* Begin PBXFileReference section */
		EF5573231D48B8B400AC1E51 /* StwiftTableView.app */ = {isa = PBXFileReference; explicitFileType = wrapper.application; includeInIndex = 0; path = StwiftTableView.app; sourceTree = BUILT_PRODUCTS_DIR; };
		EF5573261D48B8B400AC1E51 /* AppDelegate.swift */ = {isa = PBXFileReference; lastKnownFileType = sourcecode.swift; path = AppDelegate.swift; sourceTree = "<group>"; };
		EF5573281D48B8B400AC1E51 /* ViewController.swift */ = {isa = PBXFileReference; lastKnownFileType = sourcecode.swift; path = ViewController.swift; sourceTree = "<group>"; };
		EF55732B1D48B8B400AC1E51 /* Base */ = {isa = PBXFileReference; lastKnownFileType = file.storyboard; name = Base; path = Base.lproj/Main.storyboard; sourceTree = "<group>"; };
		EF55732D1D48B8B500AC1E51 /* Assets.xcassets */ = {isa = PBXFileReference; lastKnownFileType = folder.assetcatalog; path = Assets.xcassets; sourceTree = "<group>"; };
		EF5573301D48B8B500AC1E51 /* Base */ = {isa = PBXFileReference; lastKnownFileType = file.storyboard; name = Base; path = Base.lproj/LaunchScreen.storyboard; sourceTree = "<group>"; };
		EF5573321D48B8B500AC1E51 /* Info.plist */ = {isa = PBXFileReference; lastKnownFileType = text.plist.xml; path = Info.plist; sourceTree = "<group>"; };
		EF5573371D48B8B500AC1E51 /* StwiftTableViewTests.xctest */ = {isa = PBXFileReference; explicitFileType = wrapper.cfbundle; includeInIndex = 0; path = StwiftTableViewTests.xctest; sourceTree = BUILT_PRODUCTS_DIR; };
		EF55733B1D48B8B500AC1E51 /* StwiftTableViewTests.swift */ = {isa = PBXFileReference; lastKnownFileType = sourcecode.swift; path = StwiftTableViewTests.swift; sourceTree = "<group>"; };
		EF55733D1D48B8B500AC1E51 /* Info.plist */ = {isa = PBXFileReference; lastKnownFileType = text.plist.xml; path = Info.plist; sourceTree = "<group>"; };
		EF5573421D48B8B500AC1E51 /* StwiftTableViewUITests.xctest */ = {isa = PBXFileReference; explicitFileType = wrapper.cfbundle; includeInIndex = 0; path = StwiftTableViewUITests.xctest; sourceTree = BUILT_PRODUCTS_DIR; };
		EF5573461D48B8B500AC1E51 /* StwiftTableViewUITests.swift */ = {isa = PBXFileReference; lastKnownFileType = sourcecode.swift; path = StwiftTableViewUITests.swift; sourceTree = "<group>"; };
		EF5573481D48B8B500AC1E51 /* Info.plist */ = {isa = PBXFileReference; lastKnownFileType = text.plist.xml; path = Info.plist; sourceTree = "<group>"; };
/* End PBXFileReference section */

/* Begin PBXFrameworksBuildPhase section */
		EF5573201D48B8B400AC1E51 /* Frameworks */ = {
			isa = PBXFrameworksBuildPhase;
			buildActionMask = 2147483647;
			files = (
			);
			runOnlyForDeploymentPostprocessing = 0;
		};
		EF5573341D48B8B500AC1E51 /* Frameworks */ = {
			isa = PBXFrameworksBuildPhase;
			buildActionMask = 2147483647;
			files = (
			);
			runOnlyForDeploymentPostprocessing = 0;
		};
		EF55733F1D48B8B500AC1E51 /* Frameworks */ = {
			isa = PBXFrameworksBuildPhase;
			buildActionMask = 2147483647;
			files = (
			);
			runOnlyForDeploymentPostprocessing = 0;
		};
/* End PBXFrameworksBuildPhase section */

/* Begin PBXGroup section */
		EF55731A1D48B8B400AC1E51 = {
			isa = PBXGroup;
			children = (
				EF5573251D48B8B400AC1E51 /* StwiftTableView */,
				EF55733A1D48B8B500AC1E51 /* StwiftTableViewTests */,
				EF5573451D48B8B500AC1E51 /* StwiftTableViewUITests */,
				EF5573241D48B8B400AC1E51 /* Products */,
			);
			sourceTree = "<group>";
		};
		EF5573241D48B8B400AC1E51 /* Products */ = {
			isa = PBXGroup;
			children = (
				EF5573231D48B8B400AC1E51 /* StwiftTableView.app */,
				EF5573371D48B8B500AC1E51 /* StwiftTableViewTests.xctest */,
				EF5573421D48B8B500AC1E51 /* StwiftTableViewUITests.xctest */,
			);
			name = Products;
			sourceTree = "<group>";
		};
		EF5573251D48B8B400AC1E51 /* StwiftTableView */ = {
			isa = PBXGroup;
			children = (
				EF5573261D48B8B400AC1E51 /* AppDelegate.swift */,
				EF5573281D48B8B400AC1E51 /* ViewController.swift */,
				EF55732A1D48B8B400AC1E51 /* Main.storyboard */,
				EF55732D1D48B8B500AC1E51 /* Assets.xcassets */,
				EF55732F1D48B8B500AC1E51 /* LaunchScreen.storyboard */,
				EF5573321D48B8B500AC1E51 /* Info.plist */,
			);
			path = StwiftTableView;
			sourceTree = "<group>";
		};
		EF55733A1D48B8B500AC1E51 /* StwiftTableViewTests */ = {
			isa = PBXGroup;
			children = (
				EF55733B1D48B8B500AC1E51 /* StwiftTableViewTests.swift */,
				EF55733D1D48B8B500AC1E51 /* Info.plist */,
			);
			path = StwiftTableViewTests;
			sourceTree = "<group>";
		};
		EF5573451D48B8B500AC1E51 /* StwiftTableViewUITests */ = {
			isa = PBXGroup;
			children = (
				EF5573461D48B8B500AC1E51 /* StwiftTableViewUITests.swift */,
				EF5573481D48B8B500AC1E51 /* Info.plist */,
			);
			path = StwiftTableViewUITests;
			sourceTree = "<group>";
		};
/* End PBXGroup section */

/* Begin PBXNativeTarget section */
		EF5573221D48B8B400AC1E51 /* StwiftTableView */ = {
			isa = PBXNativeTarget;
			buildConfigurationList = EF55734B1D48B8B500AC1E51 /* Build configuration list for PBXNativeTarget "StwiftTableView" */;
			buildPhases = (
				EF55731F1D48B8B400AC1E51 /* Sources */,
				EF5573201D48B8B400AC1E51 /* Frameworks */,
				EF5573211D48B8B400AC1E51 /* Resources */,
			);
			buildRules = (
			);
			dependencies = (
			);
			name = StwiftTableView;
			productName = StwiftTableView;
			productReference = EF5573231D48B8B400AC1E51 /* StwiftTableView.app */;
			productType = "com.apple.product-type.application";
		};
		EF5573361D48B8B500AC1E51 /* StwiftTableViewTests */ = {
			isa = PBXNativeTarget;
			buildConfigurationList = EF55734E1D48B8B500AC1E51 /* Build configuration list for PBXNativeTarget "StwiftTableViewTests" */;
			buildPhases = (
				EF5573331D48B8B500AC1E51 /* Sources */,
				EF5573341D48B8B500AC1E51 /* Frameworks */,
				EF5573351D48B8B500AC1E51 /* Resources */,
			);
			buildRules = (
			);
			dependencies = (
				EF5573391D48B8B500AC1E51 /* PBXTargetDependency */,
			);
			name = StwiftTableViewTests;
			productName = StwiftTableViewTests;
			productReference = EF5573371D48B8B500AC1E51 /* StwiftTableViewTests.xctest */;
			productType = "com.apple.product-type.bundle.unit-test";
		};
		EF5573411D48B8B500AC1E51 /* StwiftTableViewUITests */ = {
			isa = PBXNativeTarget;
			buildConfigurationList = EF5573511D48B8B500AC1E51 /* Build configuration list for PBXNativeTarget "StwiftTableViewUITests" */;
			buildPhases = (
				EF55733E1D48B8B500AC1E51 /* Sources */,
				EF55733F1D48B8B500AC1E51 /* Frameworks */,
				EF5573401D48B8B500AC1E51 /* Resources */,
			);
			buildRules = (
			);
			dependencies = (
				EF5573441D48B8B500AC1E51 /* PBXTargetDependency */,
			);
			name = StwiftTableViewUITests;
			productName = StwiftTableViewUITests;
			productReference = EF5573421D48B8B500AC1E51 /* StwiftTableViewUITests.xctest */;
			productType = "com.apple.product-type.bundle.ui-testing";
		};
/* End PBXNativeTarget section */

/* Begin PBXProject section */
		EF55731B1D48B8B400AC1E51 /* Project object */ = {
			isa = PBXProject;
			attributes = {
				LastSwiftUpdateCheck = 0730;
				LastUpgradeCheck = 0730;
				ORGANIZATIONNAME = myzj2004;
				TargetAttributes = {
					EF5573221D48B8B400AC1E51 = {
						CreatedOnToolsVersion = 7.3.1;
					};
					EF5573361D48B8B500AC1E51 = {
						CreatedOnToolsVersion = 7.3.1;
						TestTargetID = EF5573221D48B8B400AC1E51;
					};
					EF5573411D48B8B500AC1E51 = {
						CreatedOnToolsVersion = 7.3.1;
						TestTargetID = EF5573221D48B8B400AC1E51;
					};
				};
			};
			buildConfigurationList = EF55731E1D48B8B400AC1E51 /* Build configuration list for PBXProject "StwiftTableView" */;
			compatibilityVersion = "Xcode 3.2";
			developmentRegion = English;
			hasScannedForEncodings = 0;
			knownRegions = (
				en,
				Base,
			);
			mainGroup = EF55731A1D48B8B400AC1E51;
			productRefGroup = EF5573241D48B8B400AC1E51 /* Products */;
			projectDirPath = "";
			projectRoot = "";
			targets = (
				EF5573221D48B8B400AC1E51 /* StwiftTableView */,
				EF5573361D48B8B500AC1E51 /* StwiftTableViewTests */,
				EF5573411D48B8B500AC1E51 /* StwiftTableViewUITests */,
			);
		};
/* End PBXProject section */

/* Begin PBXResourcesBuildPhase section */
		EF5573211D48B8B400AC1E51 /* Resources */ = {
			isa = PBXResourcesBuildPhase;
			buildActionMask = 2147483647;
			files = (
				EF5573311D48B8B500AC1E51 /* LaunchScreen.storyboard in Resources */,
				EF55732E1D48B8B500AC1E51 /* Assets.xcassets in Resources */,
				EF55732C1D48B8B400AC1E51 /* Main.storyboard in Resources */,
			);
			runOnlyForDeploymentPostprocessing = 0;
		};
		EF5573351D48B8B500AC1E51 /* Resources */ = {
			isa = PBXResourcesBuildPhase;
			buildActionMask = 2147483647;
			files = (
			);
			runOnlyForDeploymentPostprocessing = 0;
		};
		EF5573401D48B8B500AC1E51 /* Resources */ = {
			isa = PBXResourcesBuildPhase;
			buildActionMask = 2147483647;
			files = (
			);
			runOnlyForDeploymentPostprocessing = 0;
		};
/* End PBXResourcesBuildPhase section */

/* Begin PBXSourcesBuildPhase section */
		EF55731F1D48B8B400AC1E51 /* Sources */ = {
			isa = PBXSourcesBuildPhase;
			buildActionMask = 2147483647;
			files = (
				EF5573291D48B8B400AC1E51 /* ViewController.swift in Sources */,
				EF5573271D48B8B400AC1E51 /* AppDelegate.swift in Sources */,
			);
			runOnlyForDeploymentPostprocessing = 0;
		};
		EF5573331D48B8B500AC1E51 /* Sources */ = {
			isa = PBXSourcesBuildPhase;
			buildActionMask = 2147483647;
			files = (
				EF55733C1D48B8B500AC1E51 /* StwiftTableViewTests.swift in Sources */,
			);
			runOnlyForDeploymentPostprocessing = 0;
		};
		EF55733E1D48B8B500AC1E51 /* Sources */ = {
			isa = PBXSourcesBuildPhase;
			buildActionMask = 2147483647;
			files = (
				EF5573471D48B8B500AC1E51 /* StwiftTableViewUITests.swift in Sources */,
			);
			runOnlyForDeploymentPostprocessing = 0;
		};
/* End PBXSourcesBuildPhase section */

/* Begin PBXTargetDependency section */
		EF5573391D48B8B500AC1E51 /* PBXTargetDependency */ = {
			isa = PBXTargetDependency;
			target = EF5573221D48B8B400AC1E51 /* StwiftTableView */;
			targetProxy = EF5573381D48B8B500AC1E51 /* PBXContainerItemProxy */;
		};
		EF5573441D48B8B500AC1E51 /* PBXTargetDependency */ = {
			isa = PBXTargetDependency;
			target = EF5573221D48B8B400AC1E51 /* StwiftTableView */;
			targetProxy = EF5573431D48B8B500AC1E51 /* PBXContainerItemProxy */;
		};
/* End PBXTargetDependency section */

/* Begin PBXVariantGroup section */
		EF55732A1D48B8B400AC1E51 /* Main.storyboard */ = {
			isa = PBXVariantGroup;
			children = (
				EF55732B1D48B8B400AC1E51 /* Base */,
			);
			name = Main.storyboard;
			sourceTree = "<group>";
		};
		EF55732F1D48B8B500AC1E51 /* LaunchScreen.storyboard */ = {
			isa = PBXVariantGroup;
			children = (
				EF5573301D48B8B500AC1E51 /* Base */,
			);
			name = LaunchScreen.storyboard;
			sourceTree = "<group>";
		};
/* End PBXVariantGroup section */

/* Begin XCBuildConfiguration section */
		EF5573491D48B8B500AC1E51 /* Debug */ = {
			isa = XCBuildConfiguration;
			buildSettings = {
				ALWAYS_SEARCH_USER_PATHS = NO;
				CLANG_ANALYZER_NONNULL = YES;
				CLANG_CXX_LANGUAGE_STANDARD = "gnu++0x";
				CLANG_CXX_LIBRARY = "libc++";
				CLANG_ENABLE_MODULES = YES;
				CLANG_ENABLE_OBJC_ARC = YES;
				CLANG_WARN_BOOL_CONVERSION = YES;
				CLANG_WARN_CONSTANT_CONVERSION = YES;
				CLANG_WARN_DIRECT_OBJC_ISA_USAGE = YES_ERROR;
				CLANG_WARN_EMPTY_BODY = YES;
				CLANG_WARN_ENUM_CONVERSION = YES;
				CLANG_WARN_INT_CONVERSION = YES;
				CLANG_WARN_OBJC_ROOT_CLASS = YES_ERROR;
				CLANG_WARN_UNREACHABLE_CODE = YES;
				CLANG_WARN__DUPLICATE_METHOD_MATCH = YES;
				"CODE_SIGN_IDENTITY[sdk=iphoneos*]" = "iPhone Developer";
				COPY_PHASE_STRIP = NO;
				DEBUG_INFORMATION_FORMAT = dwarf;
				ENABLE_STRICT_OBJC_MSGSEND = YES;
				ENABLE_TESTABILITY = YES;
				GCC_C_LANGUAGE_STANDARD = gnu99;
				GCC_DYNAMIC_NO_PIC = NO;
				GCC_NO_COMMON_BLOCKS = YES;
				GCC_OPTIMIZATION_LEVEL = 0;
				GCC_PREPROCESSOR_DEFINITIONS = (
					"DEBUG=1",
					"$(inherited)",
				);
				GCC_WARN_64_TO_32_BIT_CONVERSION = YES;
				GCC_WARN_ABOUT_RETURN_TYPE = YES_ERROR;
				GCC_WARN_UNDECLARED_SELECTOR = YES;
				GCC_WARN_UNINITIALIZED_AUTOS = YES_AGGRESSIVE;
				GCC_WARN_UNUSED_FUNCTION = YES;
				GCC_WARN_UNUSED_VARIABLE = YES;
				IPHONEOS_DEPLOYMENT_TARGET = 9.3;
				MTL_ENABLE_DEBUG_INFO = YES;
				ONLY_ACTIVE_ARCH = YES;
				SDKROOT = iphoneos;
				SWIFT_OPTIMIZATION_LEVEL = "-Onone";
				TARGETED_DEVICE_FAMILY = "1,2";
			};
			name = Debug;
		};
		EF55734A1D48B8B500AC1E51 /* Release */ = {
			isa = XCBuildConfiguration;
			buildSettings = {
				ALWAYS_SEARCH_USER_PATHS = NO;
				CLANG_ANALYZER_NONNULL = YES;
				CLANG_CXX_LANGUAGE_STANDARD = "gnu++0x";
				CLANG_CXX_LIBRARY = "libc++";
				CLANG_ENABLE_MODULES = YES;
				CLANG_ENABLE_OBJC_ARC = YES;
				CLANG_WARN_BOOL_CONVERSION = YES;
				CLANG_WARN_CONSTANT_CONVERSION = YES;
				CLANG_WARN_DIRECT_OBJC_ISA_USAGE = YES_ERROR;
				CLANG_WARN_EMPTY_BODY = YES;
				CLANG_WARN_ENUM_CONVERSION = YES;
				CLANG_WARN_INT_CONVERSION = YES;
				CLANG_WARN_OBJC_ROOT_CLASS = YES_ERROR;
				CLANG_WARN_UNREACHABLE_CODE = YES;
				CLANG_WARN__DUPLICATE_METHOD_MATCH = YES;
				"CODE_SIGN_IDENTITY[sdk=iphoneos*]" = "iPhone Developer";
				COPY_PHASE_STRIP = NO;
				DEBUG_INFORMATION_FORMAT = "dwarf-with-dsym";
				ENABLE_NS_ASSERTIONS = NO;
				ENABLE_STRICT_OBJC_MSGSEND = YES;
				GCC_C_LANGUAGE_STANDARD = gnu99;
				GCC_NO_COMMON_BLOCKS = YES;
				GCC_WARN_64_TO_32_BIT_CONVERSION = YES;
				GCC_WARN_ABOUT_RETURN_TYPE = YES_ERROR;
				GCC_WARN_UNDECLARED_SELECTOR = YES;
				GCC_WARN_UNINITIALIZED_AUTOS = YES_AGGRESSIVE;
				GCC_WARN_UNUSED_FUNCTION = YES;
				GCC_WARN_UNUSED_VARIABLE = YES;
				IPHONEOS_DEPLOYMENT_TARGET = 9.3;
				MTL_ENABLE_DEBUG_INFO = NO;
				SDKROOT = iphoneos;
				TARGETED_DEVICE_FAMILY = "1,2";
				VALIDATE_PRODUCT = YES;
			};
			name = Release;
		};
		EF55734C1D48B8B500AC1E51 /* Debug */ = {
			isa = XCBuildConfiguration;
			buildSettings = {
				ASSETCATALOG_COMPILER_APPICON_NAME = AppIcon;
				INFOPLIST_FILE = StwiftTableView/Info.plist;
				LD_RUNPATH_SEARCH_PATHS = "$(inherited) @executable_path/Frameworks";
				PRODUCT_BUNDLE_IDENTIFIER = zhouhe.StwiftTableView;
				PRODUCT_NAME = "$(TARGET_NAME)";
			};
			name = Debug;
		};
		EF55734D1D48B8B500AC1E51 /* Release */ = {
			isa = XCBuildConfiguration;
			buildSettings = {
				ASSETCATALOG_COMPILER_APPICON_NAME = AppIcon;
				INFOPLIST_FILE = StwiftTableView/Info.plist;
				LD_RUNPATH_SEARCH_PATHS = "$(inherited) @executable_path/Frameworks";
				PRODUCT_BUNDLE_IDENTIFIER = zhouhe.StwiftTableView;
				PRODUCT_NAME = "$(TARGET_NAME)";
			};
			name = Release;
		};
		EF55734F1D48B8B500AC1E51 /* Debug */ = {
			isa = XCBuildConfiguration;
			buildSettings = {
				BUNDLE_LOADER = "$(TEST_HOST)";
				INFOPLIST_FILE = StwiftTableViewTests/Info.plist;
				LD_RUNPATH_SEARCH_PATHS = "$(inherited) @executable_path/Frameworks @loader_path/Frameworks";
				PRODUCT_BUNDLE_IDENTIFIER = zhouhe.StwiftTableViewTests;
				PRODUCT_NAME = "$(TARGET_NAME)";
				TEST_HOST = "$(BUILT_PRODUCTS_DIR)/StwiftTableView.app/StwiftTableView";
			};
			name = Debug;
		};
		EF5573501D48B8B500AC1E51 /* Release */ = {
			isa = XCBuildConfiguration;
			buildSettings = {
				BUNDLE_LOADER = "$(TEST_HOST)";
				INFOPLIST_FILE = StwiftTableViewTests/Info.plist;
				LD_RUNPATH_SEARCH_PATHS = "$(inherited) @executable_path/Frameworks @loader_path/Frameworks";
				PRODUCT_BUNDLE_IDENTIFIER = zhouhe.StwiftTableViewTests;
				PRODUCT_NAME = "$(TARGET_NAME)";
				TEST_HOST = "$(BUILT_PRODUCTS_DIR)/StwiftTableView.app/StwiftTableView";
			};
			name = Release;
		};
		EF5573521D48B8B500AC1E51 /* Debug */ = {
			isa = XCBuildConfiguration;
			buildSettings = {
				INFOPLIST_FILE = StwiftTableViewUITests/Info.plist;
				LD_RUNPATH_SEARCH_PATHS = "$(inherited) @executable_path/Frameworks @loader_path/Frameworks";
				PRODUCT_BUNDLE_IDENTIFIER = zhouhe.StwiftTableViewUITests;
				PRODUCT_NAME = "$(TARGET_NAME)";
				TEST_TARGET_NAME = StwiftTableView;
			};
			name = Debug;
		};
		EF5573531D48B8B500AC1E51 /* Release */ = {
			isa = XCBuildConfiguration;
			buildSettings = {
				INFOPLIST_FILE = StwiftTableViewUITests/Info.plist;
				LD_RUNPATH_SEARCH_PATHS = "$(inherited) @executable_path/Frameworks @loader_path/Frameworks";
				PRODUCT_BUNDLE_IDENTIFIER = zhouhe.StwiftTableViewUITests;
				PRODUCT_NAME = "$(TARGET_NAME)";
				TEST_TARGET_NAME = StwiftTableView;
			};
			name = Release;
		};
/* End XCBuildConfiguration section */

/* Begin XCConfigurationList section */
		EF55731E1D48B8B400AC1E51 /* Build configuration list for PBXProject "StwiftTableView" */ = {
			isa = XCConfigurationList;
			buildConfigurations = (
				EF5573491D48B8B500AC1E51 /* Debug */,
				EF55734A1D48B8B500AC1E51 /* Release */,
			);
			defaultConfigurationIsVisible = 0;
			defaultConfigurationName = Release;
		};
		EF55734B1D48B8B500AC1E51 /* Build configuration list for PBXNativeTarget "StwiftTableView" */ = {
			isa = XCConfigurationList;
			buildConfigurations = (
				EF55734C1D48B8B500AC1E51 /* Debug */,
				EF55734D1D48B8B500AC1E51 /* Release */,
			);
			defaultConfigurationIsVisible = 0;
		};
		EF55734E1D48B8B500AC1E51 /* Build configuration list for PBXNativeTarget "StwiftTableViewTests" */ = {
			isa = XCConfigurationList;
			buildConfigurations = (
				EF55734F1D48B8B500AC1E51 /* Debug */,
				EF5573501D48B8B500AC1E51 /* Release */,
			);
			defaultConfigurationIsVisible = 0;
		};
		EF5573511D48B8B500AC1E51 /* Build configuration list for PBXNativeTarget "StwiftTableViewUITests" */ = {
			isa = XCConfigurationList;
			buildConfigurations = (
				EF5573521D48B8B500AC1E51 /* Debug */,
				EF5573531D48B8B500AC1E51 /* Release */,
			);
			defaultConfigurationIsVisible = 0;
		};
/* End XCConfigurationList section */
	};
	rootObject = EF55731B1D48B8B400AC1E51 /* Project object */;
}
